{
  "lockfileVersion": 1,
  "configVersion": 1,
  "workspaces": {
    "": {
      "name": "ai-remote-bom-export-characterization",
      "dependencies": {
        "circuit-json-to-bom-csv": "0.0.19",
      },
    },
  },
  "packages": {
    "circuit-json-to-bom-csv": ["circuit-json-to-bom-csv@0.0.19", "", { "dependencies": { "format-si-prefix": "^0.3.2", "lucide-react": "^1.23.0", "papaparse": "^5.4.1", "react": "^19.2.7", "react-dom": "^19.2.7" }, "peerDependencies": { "typescript": "^5.0.0" } }, "sha512-Mi79aCa7kVrMdG/KjP3jZ+xU8J0TM0l5ZJNACR7bN/93bCG4IXczlTapPkeGuyJu5zQ+UxKjlcmG/en/OJpjdQ=="],

    "format-si-prefix": ["format-si-prefix@0.3.2", "", { "dependencies": { "parseunit": "^0" } }, "sha512-gtCZh4RpmlmEZtyzyvs+FXXWOmdfpQQ0M7mjc81zpAYm5QpsoUDPKhAK+Lj7fJCtZSJpE5xbpCYgspCBxahObQ=="],

    "lucide-react": ["lucide-react@1.50.0", "", { "peerDependencies": { "@types/react": "*", "react": "^16.5.1 || ^17.0.0 || ^18.0.0 || ^19.0.0" }, "optionalPeers": ["@types/react"] }, "sha512-RqHPQtKX6S9IE1xOL4oTHHsVQbcwJWTnmlxI6AdI9IpOwKiy7q+COPCQyMepI/Qu1x3h7sunpyEMvqtgFbgNiQ=="],

    "papaparse": ["papaparse@5.7.0", "", {}, "sha512-qBGxg/7Q3Kl9Wfhrz2Z74UnvnHTXLNG6jmKJFeBvP2+y4lV7So+7SR62+Zd47JvdrCkX+nDcnr0ObPzek/+6RA=="],

    "parseunit": ["parseunit@0.3.1", "", {}, "sha512-kKtTgCJDsktOHsnvRR/B5DhWi3a/RZ5M9XjVQZGbOatcam+/tk4sMOCQ1WM9Rswfr78zWGBgHNbWTyJvfR0ejg=="],

    "react": ["react@19.3.0", "", {}, "sha512-E8LUcbtBWt20bbl2YoHfx4ZDBdxVTfOKtCZn9cDSJ4l6/nuoApcpIBcj47t2wZoVX8g2ZHuMHbiShgCR1T5Sog=="],

    "react-dom": ["react-dom@19.3.0", "", { "dependencies": { "scheduler": "^0.28.0" }, "peerDependencies": { "react": "^19.3.0" } }, "sha512-JDk8dgif51OjFoDE70+OT9ICyYr+69HlmihNwp1+Nsfbna3t5sIiCa9ZJktDmQ4/1b/rn26hIAR2uYXDMr5r0Q=="],

    "scheduler": ["scheduler@0.28.0", "", {}, "sha512-juorfCmIkIw8tT+p5BXSm6PJjQF/ycEYmKyzURCIt/RaZIhL+PulbQ9Yu2z1HdOJDdqDTlxA1+xKBmHXJsczAw=="],

    "typescript": ["typescript@5.9.3", "", { "bin": { "tsc": "bin/tsc", "tsserver": "bin/tsserver" } }, "sha512-jl1vZzPDinLr9eUt3J/t7V6FgNEw9QjvBPdysz9KfQDD41fQrC2Y4vKQdiaUpFT4bXlb1RHhLpp8wtm6M5TgSw=="],
  }
}
